
Microsoft Visual Studio Solution File, Format Version 12.00
# Visual Studio Version 17
VisualStudioVersion = 17.5.33530.505
MinimumVisualStudioVersion = 10.0.40219.1
Project("{FAE04EC0-301F-11D3-BF4B-00C04F79EFBC}") = "Pexeso_DU", "Pexeso_DU.csproj", "{15237FDA-3BD5-4BB3-B735-76E5D677CE95}"
EndProject
Global
	GlobalSection(SolutionConfigurationPlatforms) = preSolution
		Debug|Any CPU = Debug|Any CPU
		Release|Any CPU = Release|Any CPU
	EndGlobalSection
	GlobalSection(ProjectConfigurationPlatforms) = postSolution
		{15237FDA-3BD5-4BB3-B735-76E5D677CE95}.Debug|Any CPU.ActiveCfg = Debug|Any CPU
		{15237FDA-3BD5-4BB3-B735-76E5D677CE95}.Debug|Any CPU.Build.0 = Debug|Any CPU
		{15237FDA-3BD5-4BB3-B735-76E5D677CE95}.Release|Any CPU.ActiveCfg = Release|Any CPU
		{15237FDA-3BD5-4BB3-B735-76E5D677CE95}.Release|Any CPU.Build.0 = Release|Any CPU
	EndGlobalSection
	GlobalSection(SolutionProperties) = preSolution
		HideSolutionNode = FALSE
	EndGlobalSection
	GlobalSection(ExtensibilityGlobals) = postSolution
		SolutionGuid = {20F18E98-2E4F-4671-AD7A-A7E191363BBD}
	EndGlobalSection
EndGlobal
